// !$*UTF8*$!
{
	archiveVersion = 1;
	classes = {
	};
	objectVersion = 50;
	objects = {

/* Begin PBXBuildFile section */
		3536AAB724765517004DAFF8 /* level2.txt in Resources */ = {isa = PBXBuildFile; fileRef = 3536AAB624765517004DAFF8 /* level2.txt */; };
		353AD3B82472C82300EEE543 /* AppDelegate.swift in Sources */ = {isa = PBXBuildFile; fileRef = 353AD3B72472C82300EEE543 /* AppDelegate.swift */; };
		353AD3BA2472C82300EEE543 /* GameScene.sks in Resources */ = {isa = PBXBuildFile; fileRef = 353AD3B92472C82300EEE543 /* GameScene.sks */; };
		353AD3BE2472C82300EEE543 /* GameScene.swift in Sources */ = {isa = PBXBuildFile; fileRef = 353AD3BD2472C82300EEE543 /* GameScene.swift */; };
		353AD3C02472C82300EEE543 /* GameViewController.swift in Sources */ = {isa = PBXBuildFile; fileRef = 353AD3BF2472C82300EEE543 /* GameViewController.swift */; };
		353AD3C32472C82300EEE543 /* Main.storyboard in Resources */ = {isa = PBXBuildFile; fileRef = 353AD3C12472C82300EEE543 /* Main.storyboard */; };
		353AD3C52472C82400EEE543 /* Assets.xcassets in Resources */ = {isa = PBXBuildFile; fileRef = 353AD3C42472C82400EEE543 /* Assets.xcassets */; };
		353AD3C82472C82400EEE543 /* LaunchScreen.storyboard in Resources */ = {isa = PBXBuildFile; fileRef = 353AD3C62472C82400EEE543 /* LaunchScreen.storyboard */; };
		353AD3D72472C95900EEE543 /* finish@2x.png in Resources */ = {isa = PBXBuildFile; fileRef = 353AD3D02472C95900EEE543 /* finish@2x.png */; };
		353AD3D82472C95900EEE543 /* level1.txt in Resources */ = {isa = PBXBuildFile; fileRef = 353AD3D12472C95900EEE543 /* level1.txt */; };
		353AD3D92472C95900EEE543 /* star@2x.png in Resources */ = {isa = PBXBuildFile; fileRef = 353AD3D22472C95900EEE543 /* star@2x.png */; };
		353AD3DA2472C95900EEE543 /* player@2x.png in Resources */ = {isa = PBXBuildFile; fileRef = 353AD3D32472C95900EEE543 /* player@2x.png */; };
		353AD3DB2472C95900EEE543 /* block@2x.png in Resources */ = {isa = PBXBuildFile; fileRef = 353AD3D42472C95900EEE543 /* block@2x.png */; };
		353AD3DC2472C95900EEE543 /* vortex@2x.png in Resources */ = {isa = PBXBuildFile; fileRef = 353AD3D52472C95900EEE543 /* vortex@2x.png */; };
		353AD3DD2472C95900EEE543 /* background@2x.jpg in Resources */ = {isa = PBXBuildFile; fileRef = 353AD3D62472C95900EEE543 /* background@2x.jpg */; };
/* End PBXBuildFile section */

/* Begin PBXFileReference section */
		3536AAB624765517004DAFF8 /* level2.txt */ = {isa = PBXFileReference; fileEncoding = 4; lastKnownFileType = text; path = level2.txt; sourceTree = "<group>"; };
		353AD3B42472C82300EEE543 /* MarbleMaze.app */ = {isa = PBXFileReference; explicitFileType = wrapper.application; includeInIndex = 0; path = MarbleMaze.app; sourceTree = BUILT_PRODUCTS_DIR; };
		353AD3B72472C82300EEE543 /* AppDelegate.swift */ = {isa = PBXFileReference; lastKnownFileType = sourcecode.swift; path = AppDelegate.swift; sourceTree = "<group>"; };
		353AD3B92472C82300EEE543 /* GameScene.sks */ = {isa = PBXFileReference; lastKnownFileType = file.sks; path = GameScene.sks; sourceTree = "<group>"; };
		353AD3BD2472C82300EEE543 /* GameScene.swift */ = {isa = PBXFileReference; lastKnownFileType = sourcecode.swift; path = GameScene.swift; sourceTree = "<group>"; };
		353AD3BF2472C82300EEE543 /* GameViewController.swift */ = {isa = PBXFileReference; lastKnownFileType = sourcecode.swift; path = GameViewController.swift; sourceTree = "<group>"; };
		353AD3C22472C82300EEE543 /* Base */ = {isa = PBXFileReference; lastKnownFileType = file.storyboard; name = Base; path = Base.lproj/Main.storyboard; sourceTree = "<group>"; };
		353AD3C42472C82400EEE543 /* Assets.xcassets */ = {isa = PBXFileReference; lastKnownFileType = folder.assetcatalog; path = Assets.xcassets; sourceTree = "<group>"; };
		353AD3C72472C82400EEE543 /* Base */ = {isa = PBXFileReference; lastKnownFileType = file.storyboard; name = Base; path = Base.lproj/LaunchScreen.storyboard; sourceTree = "<group>"; };
		353AD3C92472C82400EEE543 /* Info.plist */ = {isa = PBXFileReference; lastKnownFileType = text.plist.xml; path = Info.plist; sourceTree = "<group>"; };
		353AD3D02472C95900EEE543 /* finish@2x.png */ = {isa = PBXFileReference; lastKnownFileType = image.png; path = "finish@2x.png"; sourceTree = "<group>"; };
		353AD3D12472C95900EEE543 /* level1.txt */ = {isa = PBXFileReference; fileEncoding = 4; lastKnownFileType = text; path = level1.txt; sourceTree = "<group>"; };
		353AD3D22472C95900EEE543 /* star@2x.png */ = {isa = PBXFileReference; lastKnownFileType = image.png; path = "star@2x.png"; sourceTree = "<group>"; };
		353AD3D32472C95900EEE543 /* player@2x.png */ = {isa = PBXFileReference; lastKnownFileType = image.png; path = "player@2x.png"; sourceTree = "<group>"; };
		353AD3D42472C95900EEE543 /* block@2x.png */ = {isa = PBXFileReference; lastKnownFileType = image.png; path = "block@2x.png"; sourceTree = "<group>"; };
		353AD3D52472C95900EEE543 /* vortex@2x.png */ = {isa = PBXFileReference; lastKnownFileType = image.png; path = "vortex@2x.png"; sourceTree = "<group>"; };
		353AD3D62472C95900EEE543 /* background@2x.jpg */ = {isa = PBXFileReference; lastKnownFileType = image.jpeg; path = "background@2x.jpg"; sourceTree = "<group>"; };
/* End PBXFileReference section */

/* Begin PBXFrameworksBuildPhase section */
		353AD3B12472C82300EEE543 /* Frameworks */ = {
			isa = PBXFrameworksBuildPhase;
			buildActionMask = 2147483647;
			files = (
			);
			runOnlyForDeploymentPostprocessing = 0;
		};
/* End PBXFrameworksBuildPhase section */

/* Begin PBXGroup section */
		353AD3AB2472C82300EEE543 = {
			isa = PBXGroup;
			children = (
				353AD3B62472C82300EEE543 /* MarbleMaze */,
				353AD3B52472C82300EEE543 /* Products */,
			);
			sourceTree = "<group>";
		};
		353AD3B52472C82300EEE543 /* Products */ = {
			isa = PBXGroup;
			children = (
				353AD3B42472C82300EEE543 /* MarbleMaze.app */,
			);
			name = Products;
			sourceTree = "<group>";
		};
		353AD3B62472C82300EEE543 /* MarbleMaze */ = {
			isa = PBXGroup;
			children = (
				353AD3CF2472C95900EEE543 /* Content */,
				353AD3B72472C82300EEE543 /* AppDelegate.swift */,
				353AD3B92472C82300EEE543 /* GameScene.sks */,
				353AD3BD2472C82300EEE543 /* GameScene.swift */,
				353AD3BF2472C82300EEE543 /* GameViewController.swift */,
				353AD3C12472C82300EEE543 /* Main.storyboard */,
				353AD3C42472C82400EEE543 /* Assets.xcassets */,
				353AD3C62472C82400EEE543 /* LaunchScreen.storyboard */,
				353AD3C92472C82400EEE543 /* Info.plist */,
			);
			path = MarbleMaze;
			sourceTree = "<group>";
		};
		353AD3CF2472C95900EEE543 /* Content */ = {
			isa = PBXGroup;
			children = (
				353AD3D02472C95900EEE543 /* finish@2x.png */,
				353AD3D12472C95900EEE543 /* level1.txt */,
				3536AAB624765517004DAFF8 /* level2.txt */,
				353AD3D22472C95900EEE543 /* star@2x.png */,
				353AD3D32472C95900EEE543 /* player@2x.png */,
				353AD3D42472C95900EEE543 /* block@2x.png */,
				353AD3D52472C95900EEE543 /* vortex@2x.png */,
				353AD3D62472C95900EEE543 /* background@2x.jpg */,
			);
			path = Content;
			sourceTree = "<group>";
		};
/* End PBXGroup section */

/* Begin PBXNativeTarget section */
		353AD3B32472C82300EEE543 /* MarbleMaze */ = {
			isa = PBXNativeTarget;
			buildConfigurationList = 353AD3CC2472C82400EEE543 /* Build configuration list for PBXNativeTarget "MarbleMaze" */;
			buildPhases = (
				353AD3B02472C82300EEE543 /* Sources */,
				353AD3B12472C82300EEE543 /* Frameworks */,
				353AD3B22472C82300EEE543 /* Resources */,
			);
			buildRules = (
			);
			dependencies = (
			);
			name = MarbleMaze;
			productName = MarbleMaze;
			productReference = 353AD3B42472C82300EEE543 /* MarbleMaze.app */;
			productType = "com.apple.product-type.application";
		};
/* End PBXNativeTarget section */

/* Begin PBXProject section */
		353AD3AC2472C82300EEE543 /* Project object */ = {
			isa = PBXProject;
			attributes = {
				LastSwiftUpdateCheck = 1140;
				LastUpgradeCheck = 1140;
				ORGANIZATIONNAME = "Dmitry Reshetnik";
				TargetAttributes = {
					353AD3B32472C82300EEE543 = {
						CreatedOnToolsVersion = 11.4.1;
					};
				};
			};
			buildConfigurationList = 353AD3AF2472C82300EEE543 /* Build configuration list for PBXProject "MarbleMaze" */;
			compatibilityVersion = "Xcode 9.3";
			developmentRegion = en;
			hasScannedForEncodings = 0;
			knownRegions = (
				en,
				Base,
			);
			mainGroup = 353AD3AB2472C82300EEE543;
			productRefGroup = 353AD3B52472C82300EEE543 /* Products */;
			projectDirPath = "";
			projectRoot = "";
			targets = (
				353AD3B32472C82300EEE543 /* MarbleMaze */,
			);
		};
/* End PBXProject section */

/* Begin PBXResourcesBuildPhase section */
		353AD3B22472C82300EEE543 /* Resources */ = {
			isa = PBXResourcesBuildPhase;
			buildActionMask = 2147483647;
			files = (
				353AD3C32472C82300EEE543 /* Main.storyboard in Resources */,
				353AD3DD2472C95900EEE543 /* background@2x.jpg in Resources */,
				3536AAB724765517004DAFF8 /* level2.txt in Resources */,
				353AD3DB2472C95900EEE543 /* block@2x.png in Resources */,
				353AD3BA2472C82300EEE543 /* GameScene.sks in Resources */,
				353AD3D92472C95900EEE543 /* star@2x.png in Resources */,
				353AD3DC2472C95900EEE543 /* vortex@2x.png in Resources */,
				353AD3D72472C95900EEE543 /* finish@2x.png in Resources */,
				353AD3D82472C95900EEE543 /* level1.txt in Resources */,
				353AD3C52472C82400EEE543 /* Assets.xcassets in Resources */,
				353AD3C82472C82400EEE543 /* LaunchScreen.storyboard in Resources */,
				353AD3DA2472C95900EEE543 /* player@2x.png in Resources */,
			);
			runOnlyForDeploymentPostprocessing = 0;
		};
/* End PBXResourcesBuildPhase section */

/* Begin PBXSourcesBuildPhase section */
		353AD3B02472C82300EEE543 /* Sources */ = {
			isa = PBXSourcesBuildPhase;
			buildActionMask = 2147483647;
			files = (
				353AD3BE2472C82300EEE543 /* GameScene.swift in Sources */,
				353AD3C02472C82300EEE543 /* GameViewController.swift in Sources */,
				353AD3B82472C82300EEE543 /* AppDelegate.swift in Sources */,
			);
			runOnlyForDeploymentPostprocessing = 0;
		};
/* End PBXSourcesBuildPhase section */

/* Begin PBXVariantGroup section */
		353AD3C12472C82300EEE543 /* Main.storyboard */ = {
			isa = PBXVariantGroup;
			children = (
				353AD3C22472C82300EEE543 /* Base */,
			);
			name = Main.storyboard;
			sourceTree = "<group>";
		};
		353AD3C62472C82400EEE543 /* LaunchScreen.storyboard */ = {
			isa = PBXVariantGroup;
			children = (
				353AD3C72472C82400EEE543 /* Base */,
			);
			name = LaunchScreen.storyboard;
			sourceTree = "<group>";
		};
/* End PBXVariantGroup section */

/* Begin XCBuildConfiguration section */
		353AD3CA2472C82400EEE543 /* Debug */ = {
			isa = XCBuildConfiguration;
			buildSettings = {
				ALWAYS_SEARCH_USER_PATHS = NO;
				CLANG_ANALYZER_NONNULL = YES;
				CLANG_ANALYZER_NUMBER_OBJECT_CONVERSION = YES_AGGRESSIVE;
				CLANG_CXX_LANGUAGE_STANDARD = "gnu++14";
				CLANG_CXX_LIBRARY = "libc++";
				CLANG_ENABLE_MODULES = YES;
				CLANG_ENABLE_OBJC_ARC = YES;
				CLANG_ENABLE_OBJC_WEAK = YES;
				CLANG_WARN_BLOCK_CAPTURE_AUTORELEASING = YES;
				CLANG_WARN_BOOL_CONVERSION = YES;
				CLANG_WARN_COMMA = YES;
				CLANG_WARN_CONSTANT_CONVERSION = YES;
				CLANG_WARN_DEPRECATED_OBJC_IMPLEMENTATIONS = YES;
				CLANG_WARN_DIRECT_OBJC_ISA_USAGE = YES_ERROR;
				CLANG_WARN_DOCUMENTATION_COMMENTS = YES;
				CLANG_WARN_EMPTY_BODY = YES;
				CLANG_WARN_ENUM_CONVERSION = YES;
				CLANG_WARN_INFINITE_RECURSION = YES;
				CLANG_WARN_INT_CONVERSION = YES;
				CLANG_WARN_NON_LITERAL_NULL_CONVERSION = YES;
				CLANG_WARN_OBJC_IMPLICIT_RETAIN_SELF = YES;
				CLANG_WARN_OBJC_LITERAL_CONVERSION = YES;
				CLANG_WARN_OBJC_ROOT_CLASS = YES_ERROR;
				CLANG_WARN_RANGE_LOOP_ANALYSIS = YES;
				CLANG_WARN_STRICT_PROTOTYPES = YES;
				CLANG_WARN_SUSPICIOUS_MOVE = YES;
				CLANG_WARN_UNGUARDED_AVAILABILITY = YES_AGGRESSIVE;
				CLANG_WARN_UNREACHABLE_CODE = YES;
				CLANG_WARN__DUPLICATE_METHOD_MATCH = YES;
				COPY_PHASE_STRIP = NO;
				DEBUG_INFORMATION_FORMAT = dwarf;
				ENABLE_STRICT_OBJC_MSGSEND = YES;
				ENABLE_TESTABILITY = YES;
				GCC_C_LANGUAGE_STANDARD = gnu11;
				GCC_DYNAMIC_NO_PIC = NO;
				GCC_NO_COMMON_BLOCKS = YES;
				GCC_OPTIMIZATION_LEVEL = 0;
				GCC_PREPROCESSOR_DEFINITIONS = (
					"DEBUG=1",
					"$(inherited)",
				);
				GCC_WARN_64_TO_32_BIT_CONVERSION = YES;
				GCC_WARN_ABOUT_RETURN_TYPE = YES_ERROR;
				GCC_WARN_UNDECLARED_SELECTOR = YES;
				GCC_WARN_UNINITIALIZED_AUTOS = YES_AGGRESSIVE;
				GCC_WARN_UNUSED_FUNCTION = YES;
				GCC_WARN_UNUSED_VARIABLE = YES;
				IPHONEOS_DEPLOYMENT_TARGET = 13.4;
				MTL_ENABLE_DEBUG_INFO = INCLUDE_SOURCE;
				MTL_FAST_MATH = YES;
				ONLY_ACTIVE_ARCH = YES;
				SDKROOT = iphoneos;
				SWIFT_ACTIVE_COMPILATION_CONDITIONS = DEBUG;
				SWIFT_OPTIMIZATION_LEVEL = "-Onone";
			};
			name = Debug;
		};
		353AD3CB2472C82400EEE543 /* Release */ = {
			isa = XCBuildConfiguration;
			buildSettings = {
				ALWAYS_SEARCH_USER_PATHS = NO;
				CLANG_ANALYZER_NONNULL = YES;
				CLANG_ANALYZER_NUMBER_OBJECT_CONVERSION = YES_AGGRESSIVE;
				CLANG_CXX_LANGUAGE_STANDARD = "gnu++14";
				CLANG_CXX_LIBRARY = "libc++";
				CLANG_ENABLE_MODULES = YES;
				CLANG_ENABLE_OBJC_ARC = YES;
				CLANG_ENABLE_OBJC_WEAK = YES;
				CLANG_WARN_BLOCK_CAPTURE_AUTORELEASING = YES;
				CLANG_WARN_BOOL_CONVERSION = YES;
				CLANG_WARN_COMMA = YES;
				CLANG_WARN_CONSTANT_CONVERSION = YES;
				CLANG_WARN_DEPRECATED_OBJC_IMPLEMENTATIONS = YES;
				CLANG_WARN_DIRECT_OBJC_ISA_USAGE = YES_ERROR;
				CLANG_WARN_DOCUMENTATION_COMMENTS = YES;
				CLANG_WARN_EMPTY_BODY = YES;
				CLANG_WARN_ENUM_CONVERSION = YES;
				CLANG_WARN_INFINITE_RECURSION = YES;
				CLANG_WARN_INT_CONVERSION = YES;
				CLANG_WARN_NON_LITERAL_NULL_CONVERSION = YES;
				CLANG_WARN_OBJC_IMPLICIT_RETAIN_SELF = YES;
				CLANG_WARN_OBJC_LITERAL_CONVERSION = YES;
				CLANG_WARN_OBJC_ROOT_CLASS = YES_ERROR;
				CLANG_WARN_RANGE_LOOP_ANALYSIS = YES;
				CLANG_WARN_STRICT_PROTOTYPES = YES;
				CLANG_WARN_SUSPICIOUS_MOVE = YES;
				CLANG_WARN_UNGUARDED_AVAILABILITY = YES_AGGRESSIVE;
				CLANG_WARN_UNREACHABLE_CODE = YES;
				CLANG_WARN__DUPLICATE_METHOD_MATCH = YES;
				COPY_PHASE_STRIP = NO;
				DEBUG_INFORMATION_FORMAT = "dwarf-with-dsym";
				ENABLE_NS_ASSERTIONS = NO;
				ENABLE_STRICT_OBJC_MSGSEND = YES;
				GCC_C_LANGUAGE_STANDARD = gnu11;
				GCC_NO_COMMON_BLOCKS = YES;
				GCC_WARN_64_TO_32_BIT_CONVERSION = YES;
				GCC_WARN_ABOUT_RETURN_TYPE = YES_ERROR;
				GCC_WARN_UNDECLARED_SELECTOR = YES;
				GCC_WARN_UNINITIALIZED_AUTOS = YES_AGGRESSIVE;
				GCC_WARN_UNUSED_FUNCTION = YES;
				GCC_WARN_UNUSED_VARIABLE = YES;
				IPHONEOS_DEPLOYMENT_TARGET = 13.4;
				MTL_ENABLE_DEBUG_INFO = NO;
				MTL_FAST_MATH = YES;
				SDKROOT = iphoneos;
				SWIFT_COMPILATION_MODE = wholemodule;
				SWIFT_OPTIMIZATION_LEVEL = "-O";
				VALIDATE_PRODUCT = YES;
			};
			name = Release;
		};
		353AD3CD2472C82400EEE543 /* Debug */ = {
			isa = XCBuildConfiguration;
			buildSettings = {
				ASSETCATALOG_COMPILER_APPICON_NAME = AppIcon;
				CODE_SIGN_STYLE = Automatic;
				DEVELOPMENT_TEAM = 36JR7N2LBE;
				INFOPLIST_FILE = MarbleMaze/Info.plist;
				LD_RUNPATH_SEARCH_PATHS = (
					"$(inherited)",
					"@executable_path/Frameworks",
				);
				PRODUCT_BUNDLE_IDENTIFIER = com.example.stanford.MarbleMaze;
				PRODUCT_NAME = "$(TARGET_NAME)";
				SWIFT_VERSION = 5.0;
				TARGETED_DEVICE_FAMILY = "1,2";
			};
			name = Debug;
		};
		353AD3CE2472C82400EEE543 /* Release */ = {
			isa = XCBuildConfiguration;
			buildSettings = {
				ASSETCATALOG_COMPILER_APPICON_NAME = AppIcon;
				CODE_SIGN_STYLE = Automatic;
				DEVELOPMENT_TEAM = 36JR7N2LBE;
				INFOPLIST_FILE = MarbleMaze/Info.plist;
				LD_RUNPATH_SEARCH_PATHS = (
					"$(inherited)",
					"@executable_path/Frameworks",
				);
				PRODUCT_BUNDLE_IDENTIFIER = com.example.stanford.MarbleMaze;
				PRODUCT_NAME = "$(TARGET_NAME)";
				SWIFT_VERSION = 5.0;
				TARGETED_DEVICE_FAMILY = "1,2";
			};
			name = Release;
		};
/* End XCBuildConfiguration section */

/* Begin XCConfigurationList section */
		353AD3AF2472C82300EEE543 /* Build configuration list for PBXProject "MarbleMaze" */ = {
			isa = XCConfigurationList;
			buildConfigurations = (
				353AD3CA2472C82400EEE543 /* Debug */,
				353AD3CB2472C82400EEE543 /* Release */,
			);
			defaultConfigurationIsVisible = 0;
			defaultConfigurationName = Release;
		};
		353AD3CC2472C82400EEE543 /* Build configuration list for PBXNativeTarget "MarbleMaze" */ = {
			isa = XCConfigurationList;
			buildConfigurations = (
				353AD3CD2472C82400EEE543 /* Debug */,
				353AD3CE2472C82400EEE543 /* Release */,
			);
			defaultConfigurationIsVisible = 0;
			defaultConfigurationName = Release;
		};
/* End XCConfigurationList section */
	};
	rootObject = 353AD3AC2472C82300EEE543 /* Project object */;
}
